
Microsoft Visual Studio Solution File, Format Version 12.00
# Visual Studio 15
VisualStudioVersion = 15.0.25807.0
MinimumVisualStudioVersion = 10.0.40219.1
Project("{2150E333-8FDC-42A3-9474-1A3956D46DE8}") = "Engine", "Engine", "{F831041C-6253-4B85-B2B6-EFC5A08FFD02}"
EndProject
Project("{2150E333-8FDC-42A3-9474-1A3956D46DE8}") = "Games", "Games", "{7ADB6220-BAE4-4D23-A144-01681EACC97F}"
EndProject
Project("{8BC9CEB8-8B4A-11D0-8D11-00A0C91BC942}") = "UE4", "Intermediate\ProjectFiles\UE4.vcxproj", "{B9790990-2B6A-4A52-8DE1-ABC46BD63B57}"
EndProject
Project("{8BC9CEB8-8B4A-11D0-8D11-00A0C91BC942}") = "QuadBall", "Intermediate\ProjectFiles\QuadBall.vcxproj", "{38212387-6EB4-4C58-AE61-3F1D6907D04F}"
EndProject
Global
	GlobalSection(SolutionConfigurationPlatforms) = preSolution
		DebugGame Editor|Android = DebugGame Editor|Android
		DebugGame Editor|HTML5 = DebugGame Editor|HTML5
		DebugGame Editor|Win32 = DebugGame Editor|Win32
		DebugGame Editor|Win64 = DebugGame Editor|Win64
		DebugGame|Android = DebugGame|Android
		DebugGame|HTML5 = DebugGame|HTML5
		DebugGame|Win32 = DebugGame|Win32
		DebugGame|Win64 = DebugGame|Win64
		Development Editor|Android = Development Editor|Android
		Development Editor|HTML5 = Development Editor|HTML5
		Development Editor|Win32 = Development Editor|Win32
		Development Editor|Win64 = Development Editor|Win64
		Development|Android = Development|Android
		Development|HTML5 = Development|HTML5
		Development|Win32 = Development|Win32
		Development|Win64 = Development|Win64
		Shipping|Android = Shipping|Android
		Shipping|HTML5 = Shipping|HTML5
		Shipping|Win32 = Shipping|Win32
		Shipping|Win64 = Shipping|Win64
	EndGlobalSection
	GlobalSection(ProjectConfigurationPlatforms) = postSolution
		{B9790990-2B6A-4A52-8DE1-ABC46BD63B57}.DebugGame Editor|Android.ActiveCfg = BuiltWithUnrealBuildTool|Win32
		{B9790990-2B6A-4A52-8DE1-ABC46BD63B57}.DebugGame Editor|Android.Build.0 = BuiltWithUnrealBuildTool|Win32
		{B9790990-2B6A-4A52-8DE1-ABC46BD63B57}.DebugGame Editor|HTML5.ActiveCfg = BuiltWithUnrealBuildTool|Win32
		{B9790990-2B6A-4A52-8DE1-ABC46BD63B57}.DebugGame Editor|HTML5.Build.0 = BuiltWithUnrealBuildTool|Win32
		{B9790990-2B6A-4A52-8DE1-ABC46BD63B57}.DebugGame Editor|Win32.ActiveCfg = BuiltWithUnrealBuildTool|Win32
		{B9790990-2B6A-4A52-8DE1-ABC46BD63B57}.DebugGame Editor|Win32.Build.0 = BuiltWithUnrealBuildTool|Win32
		{B9790990-2B6A-4A52-8DE1-ABC46BD63B57}.DebugGame Editor|Win64.ActiveCfg = BuiltWithUnrealBuildTool|Win32
		{B9790990-2B6A-4A52-8DE1-ABC46BD63B57}.DebugGame Editor|Win64.Build.0 = BuiltWithUnrealBuildTool|Win32
		{B9790990-2B6A-4A52-8DE1-ABC46BD63B57}.DebugGame|Android.ActiveCfg = BuiltWithUnrealBuildTool|Win32
		{B9790990-2B6A-4A52-8DE1-ABC46BD63B57}.DebugGame|Android.Build.0 = BuiltWithUnrealBuildTool|Win32
		{B9790990-2B6A-4A52-8DE1-ABC46BD63B57}.DebugGame|HTML5.ActiveCfg = BuiltWithUnrealBuildTool|Win32
		{B9790990-2B6A-4A52-8DE1-ABC46BD63B57}.DebugGame|HTML5.Build.0 = BuiltWithUnrealBuildTool|Win32
		{B9790990-2B6A-4A52-8DE1-ABC46BD63B57}.DebugGame|Win32.ActiveCfg = BuiltWithUnrealBuildTool|Win32
		{B9790990-2B6A-4A52-8DE1-ABC46BD63B57}.DebugGame|Win32.Build.0 = BuiltWithUnrealBuildTool|Win32
		{B9790990-2B6A-4A52-8DE1-ABC46BD63B57}.DebugGame|Win64.ActiveCfg = BuiltWithUnrealBuildTool|Win32
		{B9790990-2B6A-4A52-8DE1-ABC46BD63B57}.DebugGame|Win64.Build.0 = BuiltWithUnrealBuildTool|Win32
		{B9790990-2B6A-4A52-8DE1-ABC46BD63B57}.Development Editor|Android.ActiveCfg = BuiltWithUnrealBuildTool|Win32
		{B9790990-2B6A-4A52-8DE1-ABC46BD63B57}.Development Editor|Android.Build.0 = BuiltWithUnrealBuildTool|Win32
		{B9790990-2B6A-4A52-8DE1-ABC46BD63B57}.Development Editor|HTML5.ActiveCfg = BuiltWithUnrealBuildTool|Win32
		{B9790990-2B6A-4A52-8DE1-ABC46BD63B57}.Development Editor|HTML5.Build.0 = BuiltWithUnrealBuildTool|Win32
		{B9790990-2B6A-4A52-8DE1-ABC46BD63B57}.Development Editor|Win32.ActiveCfg = BuiltWithUnrealBuildTool|Win32
		{B9790990-2B6A-4A52-8DE1-ABC46BD63B57}.Development Editor|Win32.Build.0 = BuiltWithUnrealBuildTool|Win32
		{B9790990-2B6A-4A52-8DE1-ABC46BD63B57}.Development Editor|Win64.ActiveCfg = BuiltWithUnrealBuildTool|Win32
		{B9790990-2B6A-4A52-8DE1-ABC46BD63B57}.Development Editor|Win64.Build.0 = BuiltWithUnrealBuildTool|Win32
		{B9790990-2B6A-4A52-8DE1-ABC46BD63B57}.Development|Android.ActiveCfg = BuiltWithUnrealBuildTool|Win32
		{B9790990-2B6A-4A52-8DE1-ABC46BD63B57}.Development|Android.Build.0 = BuiltWithUnrealBuildTool|Win32
		{B9790990-2B6A-4A52-8DE1-ABC46BD63B57}.Development|HTML5.ActiveCfg = BuiltWithUnrealBuildTool|Win32
		{B9790990-2B6A-4A52-8DE1-ABC46BD63B57}.Development|HTML5.Build.0 = BuiltWithUnrealBuildTool|Win32
		{B9790990-2B6A-4A52-8DE1-ABC46BD63B57}.Development|Win32.ActiveCfg = BuiltWithUnrealBuildTool|Win32
		{B9790990-2B6A-4A52-8DE1-ABC46BD63B57}.Development|Win32.Build.0 = BuiltWithUnrealBuildTool|Win32
		{B9790990-2B6A-4A52-8DE1-ABC46BD63B57}.Development|Win64.ActiveCfg = BuiltWithUnrealBuildTool|Win32
		{B9790990-2B6A-4A52-8DE1-ABC46BD63B57}.Development|Win64.Build.0 = BuiltWithUnrealBuildTool|Win32
		{B9790990-2B6A-4A52-8DE1-ABC46BD63B57}.Shipping|Android.ActiveCfg = BuiltWithUnrealBuildTool|Win32
		{B9790990-2B6A-4A52-8DE1-ABC46BD63B57}.Shipping|Android.Build.0 = BuiltWithUnrealBuildTool|Win32
		{B9790990-2B6A-4A52-8DE1-ABC46BD63B57}.Shipping|HTML5.ActiveCfg = BuiltWithUnrealBuildTool|Win32
		{B9790990-2B6A-4A52-8DE1-ABC46BD63B57}.Shipping|HTML5.Build.0 = BuiltWithUnrealBuildTool|Win32
		{B9790990-2B6A-4A52-8DE1-ABC46BD63B57}.Shipping|Win32.ActiveCfg = BuiltWithUnrealBuildTool|Win32
		{B9790990-2B6A-4A52-8DE1-ABC46BD63B57}.Shipping|Win32.Build.0 = BuiltWithUnrealBuildTool|Win32
		{B9790990-2B6A-4A52-8DE1-ABC46BD63B57}.Shipping|Win64.ActiveCfg = BuiltWithUnrealBuildTool|Win32
		{B9790990-2B6A-4A52-8DE1-ABC46BD63B57}.Shipping|Win64.Build.0 = BuiltWithUnrealBuildTool|Win32
		{38212387-6EB4-4C58-AE61-3F1D6907D04F}.DebugGame Editor|Android.ActiveCfg = Android_DebugGame_Editor|Win32
		{38212387-6EB4-4C58-AE61-3F1D6907D04F}.DebugGame Editor|HTML5.ActiveCfg = HTML5_DebugGame_Editor|Win32
		{38212387-6EB4-4C58-AE61-3F1D6907D04F}.DebugGame Editor|Win32.ActiveCfg = DebugGame_Editor|Win32
		{38212387-6EB4-4C58-AE61-3F1D6907D04F}.DebugGame Editor|Win64.ActiveCfg = DebugGame_Editor|x64
		{38212387-6EB4-4C58-AE61-3F1D6907D04F}.DebugGame Editor|Win64.Build.0 = DebugGame_Editor|x64
		{38212387-6EB4-4C58-AE61-3F1D6907D04F}.DebugGame|Android.ActiveCfg = Android_DebugGame_Game|Win32
		{38212387-6EB4-4C58-AE61-3F1D6907D04F}.DebugGame|Android.Build.0 = Android_DebugGame_Game|Win32
		{38212387-6EB4-4C58-AE61-3F1D6907D04F}.DebugGame|HTML5.ActiveCfg = HTML5_DebugGame_Game|Win32
		{38212387-6EB4-4C58-AE61-3F1D6907D04F}.DebugGame|HTML5.Build.0 = HTML5_DebugGame_Game|Win32
		{38212387-6EB4-4C58-AE61-3F1D6907D04F}.DebugGame|Win32.ActiveCfg = DebugGame_Game|Win32
		{38212387-6EB4-4C58-AE61-3F1D6907D04F}.DebugGame|Win32.Build.0 = DebugGame_Game|Win32
		{38212387-6EB4-4C58-AE61-3F1D6907D04F}.DebugGame|Win64.ActiveCfg = DebugGame_Game|x64
		{38212387-6EB4-4C58-AE61-3F1D6907D04F}.DebugGame|Win64.Build.0 = DebugGame_Game|x64
		{38212387-6EB4-4C58-AE61-3F1D6907D04F}.Development Editor|Android.ActiveCfg = Android_Development_Editor|Win32
		{38212387-6EB4-4C58-AE61-3F1D6907D04F}.Development Editor|HTML5.ActiveCfg = HTML5_Development_Editor|Win32
		{38212387-6EB4-4C58-AE61-3F1D6907D04F}.Development Editor|Win32.ActiveCfg = Development_Editor|Win32
		{38212387-6EB4-4C58-AE61-3F1D6907D04F}.Development Editor|Win64.ActiveCfg = Development_Editor|x64
		{38212387-6EB4-4C58-AE61-3F1D6907D04F}.Development Editor|Win64.Build.0 = Development_Editor|x64
		{38212387-6EB4-4C58-AE61-3F1D6907D04F}.Development|Android.ActiveCfg = Android_Development_Game|Win32
		{38212387-6EB4-4C58-AE61-3F1D6907D04F}.Development|Android.Build.0 = Android_Development_Game|Win32
		{38212387-6EB4-4C58-AE61-3F1D6907D04F}.Development|HTML5.ActiveCfg = HTML5_Development_Game|Win32
		{38212387-6EB4-4C58-AE61-3F1D6907D04F}.Development|HTML5.Build.0 = HTML5_Development_Game|Win32
		{38212387-6EB4-4C58-AE61-3F1D6907D04F}.Development|Win32.ActiveCfg = Development_Game|Win32
		{38212387-6EB4-4C58-AE61-3F1D6907D04F}.Development|Win32.Build.0 = Development_Game|Win32
		{38212387-6EB4-4C58-AE61-3F1D6907D04F}.Development|Win64.ActiveCfg = Development_Game|x64
		{38212387-6EB4-4C58-AE61-3F1D6907D04F}.Development|Win64.Build.0 = Development_Game|x64
		{38212387-6EB4-4C58-AE61-3F1D6907D04F}.Shipping|Android.ActiveCfg = Android_Shipping_Game|Win32
		{38212387-6EB4-4C58-AE61-3F1D6907D04F}.Shipping|Android.Build.0 = Android_Shipping_Game|Win32
		{38212387-6EB4-4C58-AE61-3F1D6907D04F}.Shipping|HTML5.ActiveCfg = HTML5_Shipping_Game|Win32
		{38212387-6EB4-4C58-AE61-3F1D6907D04F}.Shipping|HTML5.Build.0 = HTML5_Shipping_Game|Win32
		{38212387-6EB4-4C58-AE61-3F1D6907D04F}.Shipping|Win32.ActiveCfg = Shipping_Game|Win32
		{38212387-6EB4-4C58-AE61-3F1D6907D04F}.Shipping|Win32.Build.0 = Shipping_Game|Win32
		{38212387-6EB4-4C58-AE61-3F1D6907D04F}.Shipping|Win64.ActiveCfg = Shipping_Game|x64
		{38212387-6EB4-4C58-AE61-3F1D6907D04F}.Shipping|Win64.Build.0 = Shipping_Game|x64
	EndGlobalSection
	GlobalSection(SolutionProperties) = preSolution
		HideSolutionNode = FALSE
	EndGlobalSection
	GlobalSection(NestedProjects) = preSolution
		{B9790990-2B6A-4A52-8DE1-ABC46BD63B57} = {F831041C-6253-4B85-B2B6-EFC5A08FFD02}
		{38212387-6EB4-4C58-AE61-3F1D6907D04F} = {7ADB6220-BAE4-4D23-A144-01681EACC97F}
	EndGlobalSection
	GlobalSection(ExtensibilityGlobals) = postSolution
		SolutionGuid = {ED20B562-21E6-4A26-8AC7-D76AA5F50021}
	EndGlobalSection
EndGlobal
